<?xml version="1.0" encoding="utf-8"?>
<Project ToolsVersion="4.0" xmlns="http://schemas.microsoft.com/developer/msbuild/2003">
  <ItemGroup>
    <Filter Include="Enc">
      <UniqueIdentifier>{7f31db52-8f1e-41f3-aadc-aed850442fb3}</UniqueIdentifier>
      <Extensions>.c</Extensions>
    </Filter>
    <Filter Include="Enc\enc_h">
      <UniqueIdentifier>{0280925f-9373-4910-b920-d8ae5596d272}</UniqueIdentifier>
      <Extensions>.h</Extensions>
    </Filter>
    <Filter Include="Core">
      <UniqueIdentifier>{d99888ca-9385-4603-bdf2-40c3bc894b2b}</UniqueIdentifier>
      <Extensions>.c;.h;</Extensions>
    </Filter>
    <Filter Include="Core\core_h">
      <UniqueIdentifier>{51cf2e48-24db-4c05-8764-5dd74a5ba8d7}</UniqueIdentifier>
      <Extensions>.h</Extensions>
    </Filter>
    <Filter Include="Core\x86">
      <UniqueIdentifier>{2d7bba28-bed9-46e8-9c4c-16652f8d065c}</UniqueIdentifier>
      <Extensions>.asm</Extensions>
    </Filter>
    <Filter Include="extras">
      <UniqueIdentifier>{f48ee018-6c1d-4e4a-ad4e-7c79a0f651e4}</UniqueIdentifier>
      <Extensions>.c</Extensions>
    </Filter>
    <Filter Include="extras\extras_h">
      <UniqueIdentifier>{cc21d05e-5c1e-488f-b488-b9254f3a1bed}</UniqueIdentifier>
      <Extensions>.h</Extensions>
    </Filter>
  </ItemGroup>
  <ItemGroup>
    <ClCompile Include="..\3rd\x264\encoder\analyse.c">
      <Filter>Enc</Filter>
    </ClCompile>
    <ClCompile Include="..\3rd\x264\encoder\cavlc.c">
      <Filter>Enc</Filter>
    </ClCompile>
    <ClCompile Include="..\3rd\x264\encoder\encoder.c">
      <Filter>Enc</Filter>
    </ClCompile>
    <ClCompile Include="..\3rd\x264\encoder\lookahead.c">
      <Filter>Enc</Filter>
    </ClCompile>
    <ClCompile Include="..\3rd\x264\encoder\me.c">
      <Filter>Enc</Filter>
    </ClCompile>
    <ClCompile Include="..\3rd\x264\encoder\ratecontrol.c">
      <Filter>Enc</Filter>
    </ClCompile>
    <ClCompile Include="..\3rd\x264\common\rectangle.c">
      <Filter>Enc</Filter>
    </ClCompile>
    <ClCompile Include="..\3rd\x264\common\common.c">
      <Filter>Core</Filter>
    </ClCompile>
    <ClCompile Include="..\3rd\x264\common\cpu.c">
      <Filter>Core</Filter>
    </ClCompile>
    <ClCompile Include="..\3rd\x264\common\dct.c">
      <Filter>Core</Filter>
    </ClCompile>
    <ClCompile Include="..\3rd\x264\common\deblock.c">
      <Filter>Core</Filter>
    </ClCompile>
    <ClCompile Include="..\3rd\x264\common\frame.c">
      <Filter>Core</Filter>
    </ClCompile>
    <ClCompile Include="..\3rd\x264\common\x86\mc-c.c">
      <Filter>Core</Filter>
    </ClCompile>
    <ClCompile Include="..\3rd\x264\common\mc.c">
      <Filter>Core</Filter>
    </ClCompile>
    <ClCompile Include="..\3rd\x264\common\mvpred.c">
      <Filter>Core</Filter>
    </ClCompile>
    <ClCompile Include="..\3rd\x264\common\pixel.c">
      <Filter>Core</Filter>
    </ClCompile>
    <ClCompile Include="..\3rd\x264\common\x86\predict-c.c">
      <Filter>Core</Filter>
    </ClCompile>
    <ClCompile Include="..\3rd\x264\common\predict.c">
      <Filter>Core</Filter>
    </ClCompile>
    <ClCompile Include="..\3rd\x264\common\quant.c">
      <Filter>Core</Filter>
    </ClCompile>
    <ClCompile Include="..\3rd\x264\common\set.c">
      <Filter>Core</Filter>
    </ClCompile>
    <ClCompile Include="..\3rd\x264\common\vlc.c">
      <Filter>Core</Filter>
    </ClCompile>
    <ClCompile Include="..\3rd\x264\common\bitstream.c">
      <Filter>Core</Filter>
    </ClCompile>
    <ClCompile Include="..\3rd\x264\common\threadpool.c">
      <Filter>Core</Filter>
    </ClCompile>
    <ClCompile Include="..\3rd\x264\common\osdep.c">
      <Filter>Core</Filter>
    </ClCompile>
    <ClCompile Include="..\3rd\x264\common\win32thread.c">
      <Filter>Core</Filter>
    </ClCompile>
    <ClCompile Include="..\3rd\x264\encoder\set-enc.c">
      <Filter>Enc</Filter>
    </ClCompile>
    <ClCompile Include="..\3rd\x264\encoder\cabac.c">
      <Filter>Enc</Filter>
    </ClCompile>
    <ClCompile Include="..\3rd\x264\common\cabac-core.c">
      <Filter>Core</Filter>
    </ClCompile>
    <ClCompile Include="..\3rd\x264\encoder\macroblock.c">
      <Filter>Enc</Filter>
    </ClCompile>
    <ClCompile Include="..\3rd\x264\common\macroblock-core.c">
      <Filter>Core</Filter>
    </ClCompile>
  </ItemGroup>
  <ItemGroup>
    <ClInclude Include="..\3rd\x264\encoder\analyse.h">
      <Filter>Enc\enc_h</Filter>
    </ClInclude>
    <ClInclude Include="..\3rd\x264\encoder\macroblock.h">
      <Filter>Enc\enc_h</Filter>
    </ClInclude>
    <ClInclude Include="..\3rd\x264\encoder\me.h">
      <Filter>Enc\enc_h</Filter>
    </ClInclude>
    <ClInclude Include="..\3rd\x264\encoder\ratecontrol.h">
      <Filter>Enc\enc_h</Filter>
    </ClInclude>
    <ClInclude Include="..\3rd\x264\common\rectangle.h">
      <Filter>Enc\enc_h</Filter>
    </ClInclude>
    <ClInclude Include="..\3rd\x264\encoder\set.h">
      <Filter>Enc\enc_h</Filter>
    </ClInclude>
    <ClInclude Include="..\3rd\x264\common\cabac.h">
      <Filter>Core\core_h</Filter>
    </ClInclude>
    <ClInclude Include="..\3rd\x264\common\common.h">
      <Filter>Core\core_h</Filter>
    </ClInclude>
    <ClInclude Include="..\3rd\x264\common\cpu.h">
      <Filter>Core\core_h</Filter>
    </ClInclude>
    <ClInclude Include="..\3rd\x264\common\dct.h">
      <Filter>Core\core_h</Filter>
    </ClInclude>
    <ClInclude Include="..\3rd\x264\common\frame.h">
      <Filter>Core\core_h</Filter>
    </ClInclude>
    <ClInclude Include="..\3rd\x264\common\macroblock.h">
      <Filter>Core\core_h</Filter>
    </ClInclude>
    <ClInclude Include="..\3rd\x264\common\mc.h">
      <Filter>Core\core_h</Filter>
    </ClInclude>
    <ClInclude Include="..\3rd\x264\common\osdep.h">
      <Filter>Core\core_h</Filter>
    </ClInclude>
    <ClInclude Include="..\3rd\x264\common\pixel.h">
      <Filter>Core\core_h</Filter>
    </ClInclude>
    <ClInclude Include="..\3rd\x264\common\predict.h">
      <Filter>Core\core_h</Filter>
    </ClInclude>
    <ClInclude Include="..\3rd\x264\common\quant.h">
      <Filter>Core\core_h</Filter>
    </ClInclude>
    <ClInclude Include="..\3rd\x264\common\set.h">
      <Filter>Core\core_h</Filter>
    </ClInclude>
    <ClInclude Include="..\3rd\x264\common\x86\util.h">
      <Filter>Core\core_h</Filter>
    </ClInclude>
    <ClInclude Include="..\3rd\x264\extras\getopt.h">
      <Filter>extras\extras_h</Filter>
    </ClInclude>
    <ClInclude Include="..\3rd\x264\extras\stdint.h">
      <Filter>extras\extras_h</Filter>
    </ClInclude>
    <ClInclude Include="..\3rd\x264\common\bitstream.h">
      <Filter>Core\core_h</Filter>
    </ClInclude>
    <ClInclude Include="..\3rd\x264\common\threadpool.h">
      <Filter>Core\core_h</Filter>
    </ClInclude>
    <ClInclude Include="..\3rd\x264\common\win32thread.h">
      <Filter>Core\core_h</Filter>
    </ClInclude>
    <ClInclude Include="..\3rd\x264\extras\inttypes.h">
      <Filter>extras\extras_h</Filter>
    </ClInclude>
  </ItemGroup>
  <ItemGroup>
    <CustomBuild Include="..\3rd\x264\common\x86\cabac-a.asm">
      <Filter>Core\x86</Filter>
    </CustomBuild>
    <CustomBuild Include="..\3rd\x264\common\x86\const-a.asm">
      <Filter>Core\x86</Filter>
    </CustomBuild>
    <CustomBuild Include="..\3rd\x264\common\x86\cpu-a.asm">
      <Filter>Core\x86</Filter>
    </CustomBuild>
    <CustomBuild Include="..\3rd\x264\common\x86\dct-32.asm">
      <Filter>Core\x86</Filter>
    </CustomBuild>
    <CustomBuild Include="..\3rd\x264\common\x86\dct-a.asm">
      <Filter>Core\x86</Filter>
    </CustomBuild>
    <CustomBuild Include="..\3rd\x264\common\x86\deblock-a.asm">
      <Filter>Core\x86</Filter>
    </CustomBuild>
    <CustomBuild Include="..\3rd\x264\common\x86\mc-a.asm">
      <Filter>Core\x86</Filter>
    </CustomBuild>
    <CustomBuild Include="..\3rd\x264\common\x86\mc-a2.asm">
      <Filter>Core\x86</Filter>
    </CustomBuild>
    <CustomBuild Include="..\3rd\x264\common\x86\pixel-32.asm">
      <Filter>Core\x86</Filter>
    </CustomBuild>
    <CustomBuild Include="..\3rd\x264\common\x86\pixel-a.asm">
      <Filter>Core\x86</Filter>
    </CustomBuild>
    <CustomBuild Include="..\3rd\x264\common\x86\predict-a.asm">
      <Filter>Core\x86</Filter>
    </CustomBuild>
    <CustomBuild Include="..\3rd\x264\common\x86\quant-a.asm">
      <Filter>Core\x86</Filter>
    </CustomBuild>
    <CustomBuild Include="..\3rd\x264\common\x86\sad-a.asm">
      <Filter>Core\x86</Filter>
    </CustomBuild>
    <CustomBuild Include="..\3rd\x264\common\x86\bitstream-a.asm">
      <Filter>Core\x86</Filter>
    </CustomBuild>
  </ItemGroup>
</Project>